
Microsoft Visual Studio Solution File, Format Version 12.00
# Visual Studio Version 17
VisualStudioVersion = 17.0.31912.275
MinimumVisualStudioVersion = 10.0.40219.1
Project("{9A19103F-16F7-4668-BE54-9A1E7A4F7556}") = "ChattingApp", "ChattingApp\ChattingApp.csproj", "{B048A1FA-6450-4C20-AC35-691B604B41DC}"
EndProject
Global
	GlobalSection(SolutionConfigurationPlatforms) = preSolution
		Debug|Any CPU = Debug|Any CPU
		Debug|x64 = Debug|x64
		Release|Any CPU = Release|Any CPU
		Release|x64 = Release|x64
	EndGlobalSection
	GlobalSection(ProjectConfigurationPlatforms) = postSolution
		{B048A1FA-6450-4C20-AC35-691B604B41DC}.Debug|Any CPU.ActiveCfg = Debug|Any CPU
		{B048A1FA-6450-4C20-AC35-691B604B41DC}.Debug|Any CPU.Build.0 = Debug|Any CPU
		{B048A1FA-6450-4C20-AC35-691B604B41DC}.Debug|x64.ActiveCfg = Debug|x64
		{B048A1FA-6450-4C20-AC35-691B604B41DC}.Debug|x64.Build.0 = Debug|x64
		{B048A1FA-6450-4C20-AC35-691B604B41DC}.Release|Any CPU.ActiveCfg = Release|Any CPU
		{B048A1FA-6450-4C20-AC35-691B604B41DC}.Release|Any CPU.Build.0 = Release|Any CPU
		{B048A1FA-6450-4C20-AC35-691B604B41DC}.Release|x64.ActiveCfg = Release|x64
		{B048A1FA-6450-4C20-AC35-691B604B41DC}.Release|x64.Build.0 = Release|x64
	EndGlobalSection
	GlobalSection(SolutionProperties) = preSolution
		HideSolutionNode = FALSE
	EndGlobalSection
	GlobalSection(ExtensibilityGlobals) = postSolution
		SolutionGuid = {7384B075-8BE9-4906-938E-736439C80A1C}
	EndGlobalSection
EndGlobal
